
Microsoft Visual Studio Solution File, Format Version 12.00
# Visual Studio 2013
VisualStudioVersion = 12.0.31101.0
MinimumVisualStudioVersion = 10.0.40219.1
Project("{2150E333-8FDC-42A3-9474-1A3956D46DE8}") = ".nuget", ".nuget", "{74FBF85F-A8CB-4EAA-91E8-FF40B09DE994}"
	ProjectSection(SolutionItems) = preProject
		.nuget\NuGet.Config = .nuget\NuGet.Config
		.nuget\NuGet.exe = .nuget\NuGet.exe
		.nuget\NuGet.targets = .nuget\NuGet.targets
	EndProjectSection
EndProject
Project("{2150E333-8FDC-42A3-9474-1A3956D46DE8}") = "Solution Items", "Solution Items", "{50A4C266-AB00-462F-BC68-102AD2E45A48}"
	ProjectSection(SolutionItems) = preProject
		..\Settings.StyleCop = ..\Settings.StyleCop
	EndProjectSection
EndProject
Project("{FAE04EC0-301F-11D3-BF4B-00C04F79EFBC}") = "CostaLibrary.ExtensionMethods", "src\CostaLibrary.ExtensionMethods\CostaLibrary.ExtensionMethods.csproj", "{B93FBF79-126E-4958-AACC-F43CAA4458BA}"
EndProject
Global
	GlobalSection(SolutionConfigurationPlatforms) = preSolution
		Debug|Any CPU = Debug|Any CPU
		Release|Any CPU = Release|Any CPU
	EndGlobalSection
	GlobalSection(ProjectConfigurationPlatforms) = postSolution
		{B93FBF79-126E-4958-AACC-F43CAA4458BA}.Debug|Any CPU.ActiveCfg = Debug|Any CPU
		{B93FBF79-126E-4958-AACC-F43CAA4458BA}.Debug|Any CPU.Build.0 = Debug|Any CPU
		{B93FBF79-126E-4958-AACC-F43CAA4458BA}.Release|Any CPU.ActiveCfg = Release|Any CPU
		{B93FBF79-126E-4958-AACC-F43CAA4458BA}.Release|Any CPU.Build.0 = Release|Any CPU
	EndGlobalSection
	GlobalSection(SolutionProperties) = preSolution
		HideSolutionNode = FALSE
	EndGlobalSection
EndGlobal
